
Microsoft Visual Studio Solution File, Format Version 12.00
# Visual Studio Version 17
VisualStudioVersion = 17.3.32825.248
MinimumVisualStudioVersion = 10.0.40219.1
Project("{9A19103F-16F7-4668-BE54-9A1E7A4F7556}") = "BombKiev_API", "BombKiev_API\BombKiev_API.csproj", "{FA5D7305-C063-4E46-BCCE-09EB90B21B0D}"
EndProject
Project("{9A19103F-16F7-4668-BE54-9A1E7A4F7556}") = "DataAccess", "DataAccess\DataAccess.csproj", "{5A3CF0E2-FC2A-4C07-8BD0-D09055C8BCA5}"
EndProject
Project("{9A19103F-16F7-4668-BE54-9A1E7A4F7556}") = "BusinessLogic", "BusinessLogic\BusinessLogic.csproj", "{91B8C0F1-D1AF-46C2-9B40-4800C87A19BD}"
EndProject
Project("{9A19103F-16F7-4668-BE54-9A1E7A4F7556}") = "Domain", "Domain\Domain.csproj", "{1B056B16-16F3-4F0F-A20D-A6805A28C191}"
EndProject
Project("{2150E333-8FDC-42A3-9474-1A3956D46DE8}") = "Элементы решения", "Элементы решения", "{08EAF770-5BA5-424D-A5B4-A1DBB5FB23CB}"
	ProjectSection(SolutionItems) = preProject
		.editorconfig = .editorconfig
	EndProjectSection
EndProject
Project("{9A19103F-16F7-4668-BE54-9A1E7A4F7556}") = "BusinessLogic.Tests", "BusinessLogic.Tests\BusinessLogic.Tests.csproj", "{8677F784-6215-4A73-BA91-E0866E732141}"
EndProject
Project("{2150E333-8FDC-42A3-9474-1A3956D46DE8}") = "src", "src", "{2B1337A4-E03D-4C8F-B93D-B6E4CAA57B1B}"
EndProject
Project("{2150E333-8FDC-42A3-9474-1A3956D46DE8}") = "tests", "tests", "{A7DD641A-3E17-44B3-AE0B-89F370A377DF}"
EndProject
Project("{9A19103F-16F7-4668-BE54-9A1E7A4F7556}") = "Calibr_WebServer", "Calibr_WebServer\Calibr_WebServer.csproj", "{C5E945BE-EF64-4AC9-95E5-CB35AA665E82}"
EndProject
Global
	GlobalSection(SolutionConfigurationPlatforms) = preSolution
		Debug|Any CPU = Debug|Any CPU
		Release|Any CPU = Release|Any CPU
	EndGlobalSection
	GlobalSection(ProjectConfigurationPlatforms) = postSolution
		{FA5D7305-C063-4E46-BCCE-09EB90B21B0D}.Debug|Any CPU.ActiveCfg = Debug|Any CPU
		{FA5D7305-C063-4E46-BCCE-09EB90B21B0D}.Debug|Any CPU.Build.0 = Debug|Any CPU
		{FA5D7305-C063-4E46-BCCE-09EB90B21B0D}.Release|Any CPU.ActiveCfg = Release|Any CPU
		{FA5D7305-C063-4E46-BCCE-09EB90B21B0D}.Release|Any CPU.Build.0 = Release|Any CPU
		{5A3CF0E2-FC2A-4C07-8BD0-D09055C8BCA5}.Debug|Any CPU.ActiveCfg = Debug|Any CPU
		{5A3CF0E2-FC2A-4C07-8BD0-D09055C8BCA5}.Debug|Any CPU.Build.0 = Debug|Any CPU
		{5A3CF0E2-FC2A-4C07-8BD0-D09055C8BCA5}.Release|Any CPU.ActiveCfg = Release|Any CPU
		{5A3CF0E2-FC2A-4C07-8BD0-D09055C8BCA5}.Release|Any CPU.Build.0 = Release|Any CPU
		{91B8C0F1-D1AF-46C2-9B40-4800C87A19BD}.Debug|Any CPU.ActiveCfg = Debug|Any CPU
		{91B8C0F1-D1AF-46C2-9B40-4800C87A19BD}.Debug|Any CPU.Build.0 = Debug|Any CPU
		{91B8C0F1-D1AF-46C2-9B40-4800C87A19BD}.Release|Any CPU.ActiveCfg = Release|Any CPU
		{91B8C0F1-D1AF-46C2-9B40-4800C87A19BD}.Release|Any CPU.Build.0 = Release|Any CPU
		{1B056B16-16F3-4F0F-A20D-A6805A28C191}.Debug|Any CPU.ActiveCfg = Debug|Any CPU
		{1B056B16-16F3-4F0F-A20D-A6805A28C191}.Debug|Any CPU.Build.0 = Debug|Any CPU
		{1B056B16-16F3-4F0F-A20D-A6805A28C191}.Release|Any CPU.ActiveCfg = Release|Any CPU
		{1B056B16-16F3-4F0F-A20D-A6805A28C191}.Release|Any CPU.Build.0 = Release|Any CPU
		{8677F784-6215-4A73-BA91-E0866E732141}.Debug|Any CPU.ActiveCfg = Debug|Any CPU
		{8677F784-6215-4A73-BA91-E0866E732141}.Debug|Any CPU.Build.0 = Debug|Any CPU
		{8677F784-6215-4A73-BA91-E0866E732141}.Release|Any CPU.ActiveCfg = Release|Any CPU
		{8677F784-6215-4A73-BA91-E0866E732141}.Release|Any CPU.Build.0 = Release|Any CPU
		{C5E945BE-EF64-4AC9-95E5-CB35AA665E82}.Debug|Any CPU.ActiveCfg = Debug|Any CPU
		{C5E945BE-EF64-4AC9-95E5-CB35AA665E82}.Debug|Any CPU.Build.0 = Debug|Any CPU
		{C5E945BE-EF64-4AC9-95E5-CB35AA665E82}.Release|Any CPU.ActiveCfg = Release|Any CPU
		{C5E945BE-EF64-4AC9-95E5-CB35AA665E82}.Release|Any CPU.Build.0 = Release|Any CPU
	EndGlobalSection
	GlobalSection(SolutionProperties) = preSolution
		HideSolutionNode = FALSE
	EndGlobalSection
	GlobalSection(NestedProjects) = preSolution
		{FA5D7305-C063-4E46-BCCE-09EB90B21B0D} = {2B1337A4-E03D-4C8F-B93D-B6E4CAA57B1B}
		{5A3CF0E2-FC2A-4C07-8BD0-D09055C8BCA5} = {2B1337A4-E03D-4C8F-B93D-B6E4CAA57B1B}
		{91B8C0F1-D1AF-46C2-9B40-4800C87A19BD} = {2B1337A4-E03D-4C8F-B93D-B6E4CAA57B1B}
		{1B056B16-16F3-4F0F-A20D-A6805A28C191} = {2B1337A4-E03D-4C8F-B93D-B6E4CAA57B1B}
		{8677F784-6215-4A73-BA91-E0866E732141} = {A7DD641A-3E17-44B3-AE0B-89F370A377DF}
		{C5E945BE-EF64-4AC9-95E5-CB35AA665E82} = {2B1337A4-E03D-4C8F-B93D-B6E4CAA57B1B}
	EndGlobalSection
	GlobalSection(ExtensibilityGlobals) = postSolution
		SolutionGuid = {5872478A-4078-442E-955A-7A339695E8F0}
	EndGlobalSection
EndGlobal
